
Microsoft Visual Studio Solution File, Format Version 12.00
# Visual Studio Version 17
VisualStudioVersion = 17.5.33502.453
MinimumVisualStudioVersion = 10.0.40219.1
Project("{9A19103F-16F7-4668-BE54-9A1E7A4F7556}") = "HiveManagementSystem", "HiveManagementSystem\HiveManagementSystem.csproj", "{CE5C6995-B1A6-4BDF-AF61-F4D6C0758970}"
EndProject
Project("{FAE04EC0-301F-11D3-BF4B-00C04F79EFBC}") = "ExperimentWithInterface", "ExperimentWithInterface\ExperimentWithInterface.csproj", "{DC393212-6468-4261-9262-2212763BCA29}"
EndProject
Project("{FAE04EC0-301F-11D3-BF4B-00C04F79EFBC}") = "ScaryClown", "ScaryClown\ScaryClown.csproj", "{23C05A7C-0D06-479F-8D55-984C82CDAE4C}"
EndProject
Project("{FAE04EC0-301F-11D3-BF4B-00C04F79EFBC}") = "ComicsCollection", "ComicsCollection\ComicsCollection.csproj", "{C4B2EB3A-56AA-42E4-A76F-E2827A8622D3}"
EndProject
Global
	GlobalSection(SolutionConfigurationPlatforms) = preSolution
		Debug|Any CPU = Debug|Any CPU
		Release|Any CPU = Release|Any CPU
	EndGlobalSection
	GlobalSection(ProjectConfigurationPlatforms) = postSolution
		{CE5C6995-B1A6-4BDF-AF61-F4D6C0758970}.Debug|Any CPU.ActiveCfg = Debug|Any CPU
		{CE5C6995-B1A6-4BDF-AF61-F4D6C0758970}.Debug|Any CPU.Build.0 = Debug|Any CPU
		{CE5C6995-B1A6-4BDF-AF61-F4D6C0758970}.Release|Any CPU.ActiveCfg = Release|Any CPU
		{CE5C6995-B1A6-4BDF-AF61-F4D6C0758970}.Release|Any CPU.Build.0 = Release|Any CPU
		{DC393212-6468-4261-9262-2212763BCA29}.Debug|Any CPU.ActiveCfg = Debug|Any CPU
		{DC393212-6468-4261-9262-2212763BCA29}.Debug|Any CPU.Build.0 = Debug|Any CPU
		{DC393212-6468-4261-9262-2212763BCA29}.Release|Any CPU.ActiveCfg = Release|Any CPU
		{DC393212-6468-4261-9262-2212763BCA29}.Release|Any CPU.Build.0 = Release|Any CPU
		{23C05A7C-0D06-479F-8D55-984C82CDAE4C}.Debug|Any CPU.ActiveCfg = Debug|Any CPU
		{23C05A7C-0D06-479F-8D55-984C82CDAE4C}.Debug|Any CPU.Build.0 = Debug|Any CPU
		{23C05A7C-0D06-479F-8D55-984C82CDAE4C}.Release|Any CPU.ActiveCfg = Release|Any CPU
		{23C05A7C-0D06-479F-8D55-984C82CDAE4C}.Release|Any CPU.Build.0 = Release|Any CPU
		{C4B2EB3A-56AA-42E4-A76F-E2827A8622D3}.Debug|Any CPU.ActiveCfg = Debug|Any CPU
		{C4B2EB3A-56AA-42E4-A76F-E2827A8622D3}.Debug|Any CPU.Build.0 = Debug|Any CPU
		{C4B2EB3A-56AA-42E4-A76F-E2827A8622D3}.Release|Any CPU.ActiveCfg = Release|Any CPU
		{C4B2EB3A-56AA-42E4-A76F-E2827A8622D3}.Release|Any CPU.Build.0 = Release|Any CPU
	EndGlobalSection
	GlobalSection(SolutionProperties) = preSolution
		HideSolutionNode = FALSE
	EndGlobalSection
	GlobalSection(ExtensibilityGlobals) = postSolution
		SolutionGuid = {0B8A94A9-038A-4368-9873-79CA29E66757}
	EndGlobalSection
EndGlobal
